# THIS IS AN AUTOGENERATED FILE. DO NOT EDIT THIS FILE DIRECTLY.
# yarn lockfile v1


"@anthropic-ai/sdk@^0.22.0":
  version "0.22.0"
  dependencies:
    "@types/node" "^18.11.18"
    "@types/node-fetch" "^2.6.4"
    abort-controller "^3.0.0"
    agentkeepalive "^4.2.1"
    form-data-encoder "1.7.2"
    formdata-node "^4.3.2"
    node-fetch "^2.6.7"
    web-streams-polyfill "^3.2.1"

"@anthropic-ai/sdk@^0.9.1":
  version "0.9.1"
  dependencies:
    "@types/node" "^18.11.18"
    "@types/node-fetch" "^2.6.4"
    abort-controller "^3.0.0"
    agentkeepalive "^4.2.1"
    digest-fetch "^1.3.0"
    form-data-encoder "1.7.2"
    formdata-node "^4.3.2"
    node-fetch "^2.6.7"
    web-streams-polyfill "^3.2.1"

"@colors/colors@^1.6.0", "@colors/colors@1.6.0":
  version "1.6.0"

"@cspotcode/source-map-support@^0.8.0":
  version "0.8.1"
  dependencies:
    "@jridgewell/trace-mapping" "0.3.9"

"@dabh/diagnostics@^2.0.2":
  version "2.0.3"
  dependencies:
    colorspace "1.1.x"
    enabled "2.0.x"
    kuler "^2.0.0"

"@esbuild-kit/core-utils@^3.3.2":
  version "3.3.2"
  dependencies:
    esbuild "~0.18.20"
    source-map-support "^0.5.21"

"@esbuild-kit/esm-loader@^2.5.5":
  version "2.6.5"
  dependencies:
    "@esbuild-kit/core-utils" "^3.3.2"
    get-tsconfig "^4.7.0"

"@esbuild/darwin-arm64@0.18.20":
  version "0.18.20"

"@esbuild/darwin-arm64@0.19.12":
  version "0.19.12"

"@google/generative-ai@^0.7.0":
  version "0.7.1"

"@huggingface/jinja@^0.2.2":
  version "0.2.2"

"@iarna/toml@^2.2.5":
  version "2.2.5"

"@jridgewell/resolve-uri@^3.0.3":
  version "3.1.2"

"@jridgewell/sourcemap-codec@^1.4.10":
  version "1.4.15"

"@jridgewell/trace-mapping@0.3.9":
  version "0.3.9"
  dependencies:
    "@jridgewell/resolve-uri" "^3.0.3"
    "@jridgewell/sourcemap-codec" "^1.4.10"

"@langchain/anthropic@^0.2.3":
  version "0.2.3"
  dependencies:
    "@anthropic-ai/sdk" "^0.22.0"
    "@langchain/core" ">=0.2.9 <0.3.0"
    fast-xml-parser "^4.3.5"
    zod "^3.22.4"
    zod-to-json-schema "^3.22.4"

"@langchain/community@^0.2.16":
  version "0.2.16"
  dependencies:
    "@langchain/core" "~0.2.11"
    "@langchain/openai" "~0.1.0"
    binary-extensions "^2.2.0"
    expr-eval "^2.0.2"
    flat "^5.0.2"
    js-yaml "^4.1.0"
    langchain "0.2.3"
    langsmith "~0.1.30"
    uuid "^9.0.0"
    zod "^3.22.3"
    zod-to-json-schema "^3.22.5"

"@langchain/community@~0.0.41":
  version "0.0.43"
  dependencies:
    "@langchain/core" "~0.1.44"
    "@langchain/openai" "~0.0.19"
    expr-eval "^2.0.2"
    flat "^5.0.2"
    langsmith "~0.1.1"
    uuid "^9.0.0"
    zod "^3.22.3"

"@langchain/core@*", "@langchain/core@>=0.2.5 <0.3.0", "@langchain/core@>0.1.56 <0.3.0", "@langchain/core@>0.2.0 <0.3.0", "@langchain/core@~0.2.0", "@langchain/core@~0.2.11":
  version "0.2.11"
  dependencies:
    ansi-styles "^5.0.0"
    camelcase "6"
    decamelize "1.2.0"
    js-tiktoken "^1.0.12"
    langsmith "~0.1.30"
    ml-distance "^4.0.0"
    mustache "^4.2.0"
    p-queue "^6.6.2"
    p-retry "4"
    uuid "^9.0.0"
    zod "^3.22.4"
    zod-to-json-schema "^3.22.3"

"@langchain/core@>=0.2.16 <0.3.0":
  version "0.2.36"
  dependencies:
    ansi-styles "^5.0.0"
    camelcase "6"
    decamelize "1.2.0"
    js-tiktoken "^1.0.12"
    langsmith "^0.1.56-rc.1"
    mustache "^4.2.0"
    p-queue "^6.6.2"
    p-retry "4"
    uuid "^10.0.0"
    zod "^3.22.4"
    zod-to-json-schema "^3.22.3"

"@langchain/core@>=0.2.9 <0.3.0":
  version "0.2.15"
  dependencies:
    ansi-styles "^5.0.0"
    camelcase "6"
    decamelize "1.2.0"
    js-tiktoken "^1.0.12"
    langsmith "~0.1.30"
    ml-distance "^4.0.0"
    mustache "^4.2.0"
    p-queue "^6.6.2"
    p-retry "4"
    uuid "^10.0.0"
    zod "^3.22.4"
    zod-to-json-schema "^3.22.3"

"@langchain/core@~0.1.44":
  version "0.1.52"
  dependencies:
    ansi-styles "^5.0.0"
    camelcase "6"
    decamelize "1.2.0"
    js-tiktoken "^1.0.8"
    langsmith "~0.1.7"
    ml-distance "^4.0.0"
    p-queue "^6.6.2"
    p-retry "4"
    uuid "^9.0.0"
    zod "^3.22.4"
    zod-to-json-schema "^3.22.3"

"@langchain/core@~0.1.45":
  version "0.1.52"
  dependencies:
    ansi-styles "^5.0.0"
    camelcase "6"
    decamelize "1.2.0"
    js-tiktoken "^1.0.8"
    langsmith "~0.1.7"
    ml-distance "^4.0.0"
    p-queue "^6.6.2"
    p-retry "4"
    uuid "^9.0.0"
    zod "^3.22.4"
    zod-to-json-schema "^3.22.3"

"@langchain/google-genai@^0.0.23":
  version "0.0.23"
  dependencies:
    "@google/generative-ai" "^0.7.0"
    "@langchain/core" ">=0.2.16 <0.3.0"
    zod-to-json-schema "^3.22.4"

"@langchain/openai@^0.0.25", "@langchain/openai@~0.0.19":
  version "0.0.25"
  dependencies:
    "@langchain/core" "~0.1.45"
    js-tiktoken "^1.0.7"
    openai "^4.26.0"
    zod "^3.22.4"
    zod-to-json-schema "^3.22.3"

"@langchain/openai@~0.0.28":
  version "0.0.34"
  dependencies:
    "@langchain/core" ">0.1.56 <0.3.0"
    js-tiktoken "^1.0.12"
    openai "^4.41.1"
    zod "^3.22.4"
    zod-to-json-schema "^3.22.3"

"@langchain/openai@~0.1.0":
  version "0.1.3"
  dependencies:
    "@langchain/core" ">=0.2.5 <0.3.0"
    js-tiktoken "^1.0.12"
    openai "^4.49.1"
    zod "^3.22.4"
    zod-to-json-schema "^3.22.3"

"@langchain/textsplitters@~0.0.0":
  version "0.0.3"
  dependencies:
    "@langchain/core" ">0.2.0 <0.3.0"
    js-tiktoken "^1.0.12"

"@next/env@14.2.23":
  version "14.2.23"
  resolved "https://registry.npmjs.org/@next/env/-/env-14.2.23.tgz"
  integrity sha512-CysUC9IO+2Bh0omJ3qrb47S8DtsTKbFidGm6ow4gXIG6reZybqxbkH2nhdEm1tC8SmgzDdpq3BIML0PWsmyUYA==

"@next/swc-darwin-arm64@14.2.23":
  version "14.2.23"
  resolved "https://registry.npmjs.org/@next/swc-darwin-arm64/-/swc-darwin-arm64-14.2.23.tgz"
  integrity sha512-WhtEntt6NcbABA8ypEoFd3uzq5iAnrl9AnZt9dXdO+PZLACE32z3a3qA5OoV20JrbJfSJ6Sd6EqGZTrlRnGxQQ==

"@protobufjs/aspromise@^1.1.1", "@protobufjs/aspromise@^1.1.2":
  version "1.1.2"

"@protobufjs/base64@^1.1.2":
  version "1.1.2"

"@protobufjs/codegen@^2.0.4":
  version "2.0.4"

"@protobufjs/eventemitter@^1.1.0":
  version "1.1.0"

"@protobufjs/fetch@^1.1.0":
  version "1.1.0"
  dependencies:
    "@protobufjs/aspromise" "^1.1.1"
    "@protobufjs/inquire" "^1.1.0"

"@protobufjs/float@^1.0.2":
  version "1.0.2"

"@protobufjs/inquire@^1.1.0":
  version "1.1.0"

"@protobufjs/path@^1.1.2":
  version "1.1.2"

"@protobufjs/pool@^1.1.0":
  version "1.1.0"

"@protobufjs/utf8@^1.1.0":
  version "1.1.0"

"@selderee/plugin-htmlparser2@^0.11.0":
  version "0.11.0"
  dependencies:
    domhandler "^5.0.3"
    selderee "^0.11.0"

"@supabase/auth-js@2.67.3":
  version "2.67.3"
  dependencies:
    "@supabase/node-fetch" "^2.6.14"

"@supabase/functions-js@2.4.4":
  version "2.4.4"
  dependencies:
    "@supabase/node-fetch" "^2.6.14"

"@supabase/node-fetch@^2.6.14", "@supabase/node-fetch@2.6.15":
  version "2.6.15"
  dependencies:
    whatwg-url "^5.0.0"

"@supabase/postgrest-js@^1.1.1", "@supabase/postgrest-js@1.18.0":
  version "1.18.0"
  dependencies:
    "@supabase/node-fetch" "^2.6.14"

"@supabase/realtime-js@2.11.2":
  version "2.11.2"
  dependencies:
    "@supabase/node-fetch" "^2.6.14"
    "@types/phoenix" "^1.5.4"
    "@types/ws" "^8.5.10"
    ws "^8.18.0"

"@supabase/storage-js@2.7.1":
  version "2.7.1"
  dependencies:
    "@supabase/node-fetch" "^2.6.14"

"@supabase/supabase-js@^2.10.0", "@supabase/supabase-js@^2.48.0":
  version "2.48.0"
  dependencies:
    "@supabase/auth-js" "2.67.3"
    "@supabase/functions-js" "2.4.4"
    "@supabase/node-fetch" "2.6.15"
    "@supabase/postgrest-js" "1.18.0"
    "@supabase/realtime-js" "2.11.2"
    "@supabase/storage-js" "2.7.1"

"@swc/counter@^0.1.3":
  version "0.1.3"
  resolved "https://registry.npmjs.org/@swc/counter/-/counter-0.1.3.tgz"
  integrity sha512-e2BR4lsJkkRlKZ/qCHPw9ZaSxc0MVUd7gtbtaB7aMvHeJVYe8sOB8DBZkP2DtISHGSku9sCK6T6cnY0CtXrOCQ==

"@swc/helpers@0.5.5":
  version "0.5.5"
  resolved "https://registry.npmjs.org/@swc/helpers/-/helpers-0.5.5.tgz"
  integrity sha512-KGYxvIOXcceOAbEk4bi/dVLEK9z8sZ0uBB3Il5b1rhfClSpcX0yfRO0KmTkqR2cnQDymwLB+25ZyMzICg/cm/A==
  dependencies:
    "@swc/counter" "^0.1.3"
    tslib "^2.4.0"

"@tsconfig/node10@^1.0.7":
  version "1.0.11"

"@tsconfig/node12@^1.0.7":
  version "1.0.11"

"@tsconfig/node14@^1.0.0":
  version "1.0.3"

"@tsconfig/node16@^1.0.2":
  version "1.0.4"

"@types/better-sqlite3@*", "@types/better-sqlite3@^7.6.10":
  version "7.6.10"
  dependencies:
    "@types/node" "*"

"@types/body-parser@*":
  version "1.19.5"
  dependencies:
    "@types/connect" "*"
    "@types/node" "*"

"@types/connect@*":
  version "3.4.38"
  dependencies:
    "@types/node" "*"

"@types/cors@^2.8.17":
  version "2.8.17"
  dependencies:
    "@types/node" "*"

"@types/express-serve-static-core@^4.17.33":
  version "4.17.43"
  dependencies:
    "@types/node" "*"
    "@types/qs" "*"
    "@types/range-parser" "*"
    "@types/send" "*"

"@types/express-serve-static-core@^5.0.0":
  version "5.0.1"
  dependencies:
    "@types/node" "*"
    "@types/qs" "*"
    "@types/range-parser" "*"
    "@types/send" "*"

"@types/express@*":
  version "5.0.0"
  dependencies:
    "@types/body-parser" "*"
    "@types/express-serve-static-core" "^5.0.0"
    "@types/qs" "*"
    "@types/serve-static" "*"

"@types/express@^4.17.21":
  version "4.17.21"
  dependencies:
    "@types/body-parser" "*"
    "@types/express-serve-static-core" "^4.17.33"
    "@types/qs" "*"
    "@types/serve-static" "*"

"@types/html-to-text@^9.0.4":
  version "9.0.4"

"@types/http-errors@*":
  version "2.0.4"

"@types/long@^4.0.1":
  version "4.0.2"

"@types/mime@^1":
  version "1.3.5"

"@types/multer@^1.4.12":
  version "1.4.12"
  dependencies:
    "@types/express" "*"

"@types/next-server@*":
  version "8.1.2"
  resolved "https://registry.npmjs.org/@types/next-server/-/next-server-8.1.2.tgz"
  integrity sha512-Fm4QhAxwDlC9AHiGy23Lhv7DeTTt1O1s7tnAsyVOLPjePmYXPZVbOCrxd2oRHZnIIYWw41JelLbq4hN1B5idlQ==
  dependencies:
    "@types/next" "*"
    "@types/node" "*"
    "@types/react" "*"
    "@types/react-loadable" "*"

"@types/next@*", "@types/next@^8.0.7":
  version "8.0.7"
  resolved "https://registry.npmjs.org/@types/next/-/next-8.0.7.tgz"
  integrity sha512-I/Gcj1YfOFmpBBX5XgBP1t1wKcFS0TGk8ytW99ujjvCp8U31QuKqM3fvvGb7+Hf1CJt3BAAgzGT0aCigqO5opQ==
  dependencies:
    "@types/next-server" "*"
    "@types/node" "*"
    "@types/node-fetch" "*"
    "@types/react" "*"

"@types/node-fetch@*", "@types/node-fetch@^2.6.4":
  version "2.6.11"
  dependencies:
    "@types/node" "*"
    form-data "^4.0.0"

"@types/node@*", "@types/node@^22.10.9":
  version "22.10.9"
  dependencies:
    undici-types "~6.20.0"

"@types/node@^18.11.18":
  version "18.19.28"
  dependencies:
    undici-types "~5.26.4"

"@types/node@>=13.7.0":
  version "20.12.9"
  dependencies:
    undici-types "~5.26.4"

"@types/pdf-parse@^1.1.4":
  version "1.1.4"

"@types/phoenix@^1.5.4":
  version "1.6.6"

"@types/qs@*":
  version "6.9.14"

"@types/range-parser@*":
  version "1.2.7"

"@types/react-dom@^19.0.3":
  version "19.0.3"
  resolved "https://registry.npmjs.org/@types/react-dom/-/react-dom-19.0.3.tgz"
  integrity sha512-0Knk+HJiMP/qOZgMyNFamlIjw9OFCsyC2ZbigmEEyXXixgre6IQpm/4V+r3qH4GC1JPvRJKInw+on2rV6YZLeA==

"@types/react-loadable@*":
  version "5.5.11"
  resolved "https://registry.npmjs.org/@types/react-loadable/-/react-loadable-5.5.11.tgz"
  integrity sha512-/tq2IJ853MoIFRBmqVOxnGsRRjER5TmEKzsZtaAkiXAWoDeKgR/QNOT1vd9k0p9h/F616X21cpNh3hu4RutzRQ==
  dependencies:
    "@types/react" "*"
    "@types/webpack" "^4"

"@types/react@*", "@types/react@^19.0.0", "@types/react@^19.0.8", "@types/react@>=18":
  version "19.0.8"
  resolved "https://registry.npmjs.org/@types/react/-/react-19.0.8.tgz"
  integrity sha512-9P/o1IGdfmQxrujGbIMDyYaaCykhLKc0NGCtYcECNUr9UAaDe4gwvV9bR6tvd5Br1SG0j+PBpbKr2UYY8CwqSw==
  dependencies:
    csstype "^3.0.2"

"@types/readable-stream@^4.0.11":
  version "4.0.11"
  dependencies:
    "@types/node" "*"
    safe-buffer "~5.1.1"

"@types/retry@0.12.0":
  version "0.12.0"

"@types/send@*":
  version "0.17.4"
  dependencies:
    "@types/mime" "^1"
    "@types/node" "*"

"@types/serve-static@*":
  version "1.15.7"
  dependencies:
    "@types/http-errors" "*"
    "@types/node" "*"
    "@types/send" "*"

"@types/source-list-map@*":
  version "0.1.6"
  resolved "https://registry.npmjs.org/@types/source-list-map/-/source-list-map-0.1.6.tgz"
  integrity sha512-5JcVt1u5HDmlXkwOD2nslZVllBBc7HDuOICfiZah2Z0is8M8g+ddAEawbmd3VjedfDHBzxCaXLs07QEmb7y54g==

"@types/tapable@^1":
  version "1.0.12"
  resolved "https://registry.npmjs.org/@types/tapable/-/tapable-1.0.12.tgz"
  integrity sha512-bTHG8fcxEqv1M9+TD14P8ok8hjxoOCkfKc8XXLaaD05kI7ohpeI956jtDOD3XHKBQrlyPughUtzm1jtVhHpA5Q==

"@types/triple-beam@^1.3.2":
  version "1.3.5"

"@types/uglify-js@*":
  version "3.17.5"
  resolved "https://registry.npmjs.org/@types/uglify-js/-/uglify-js-3.17.5.tgz"
  integrity sha512-TU+fZFBTBcXj/GpDpDaBmgWk/gn96kMZ+uocaFUlV2f8a6WdMzzI44QBCmGcCiYR0Y6ZlNRiyUyKKt5nl/lbzQ==
  dependencies:
    source-map "^0.6.1"

"@types/uuid@^10.0.0":
  version "10.0.0"

"@types/uuid@^9.0.1":
  version "9.0.8"

"@types/webpack-sources@*":
  version "3.2.3"
  resolved "https://registry.npmjs.org/@types/webpack-sources/-/webpack-sources-3.2.3.tgz"
  integrity sha512-4nZOdMwSPHZ4pTEZzSp0AsTM4K7Qmu40UKW4tJDiOVs20UzYF9l+qUe4s0ftfN0pin06n+5cWWDJXH+sbhAiDw==
  dependencies:
    "@types/node" "*"
    "@types/source-list-map" "*"
    source-map "^0.7.3"

"@types/webpack@^4":
  version "4.41.40"
  resolved "https://registry.npmjs.org/@types/webpack/-/webpack-4.41.40.tgz"
  integrity sha512-u6kMFSBM9HcoTpUXnL6mt2HSzftqb3JgYV6oxIgL2dl6sX6aCa5k6SOkzv5DuZjBTPUE/dJltKtwwuqrkZHpfw==
  dependencies:
    "@types/node" "*"
    "@types/tapable" "^1"
    "@types/uglify-js" "*"
    "@types/webpack-sources" "*"
    anymatch "^3.0.0"
    source-map "^0.6.0"

"@types/ws@^8.5.10":
  version "8.5.13"
  dependencies:
    "@types/node" "*"

"@types/ws@^8.5.12":
  version "8.5.12"
  dependencies:
    "@types/node" "*"

"@xenova/transformers@^2.17.1", "@xenova/transformers@^2.5.4":
  version "2.17.1"
  dependencies:
    "@huggingface/jinja" "^0.2.2"
    onnxruntime-web "1.14.0"
    sharp "^0.32.0"
  optionalDependencies:
    onnxruntime-node "1.14.0"

"@xmldom/xmldom@^0.8.6":
  version "0.8.10"

abbrev@1:
  version "1.1.1"

abort-controller@^3.0.0:
  version "3.0.0"
  dependencies:
    event-target-shim "^5.0.0"

accepts@~1.3.8:
  version "1.3.8"
  dependencies:
    mime-types "~2.1.34"
    negotiator "0.6.3"

acorn-walk@^8.1.1:
  version "8.3.2"

acorn@^8.4.1:
  version "8.11.3"

agentkeepalive@^4.2.1:
  version "4.5.0"
  dependencies:
    humanize-ms "^1.2.1"

ansi-styles@^5.0.0:
  version "5.2.0"

anymatch@^3.0.0, anymatch@~3.1.2:
  version "3.1.3"
  dependencies:
    normalize-path "^3.0.0"
    picomatch "^2.0.4"

append-field@^1.0.0:
  version "1.0.0"

arg@^4.1.0:
  version "4.1.3"

argparse@^2.0.1:
  version "2.0.1"

argparse@~1.0.3:
  version "1.0.10"
  dependencies:
    sprintf-js "~1.0.2"

array-flatten@1.1.1:
  version "1.1.1"

async@^3.2.3:
  version "3.2.5"

asynckit@^0.4.0:
  version "0.4.0"

axios@*, axios@^1.6.8:
  version "1.6.8"
  dependencies:
    follow-redirects "^1.15.6"
    form-data "^4.0.0"
    proxy-from-env "^1.1.0"

b4a@^1.6.4:
  version "1.6.6"

balanced-match@^1.0.0:
  version "1.0.2"

bare-events@^2.0.0, bare-events@^2.2.0:
  version "2.2.2"

bare-fs@^2.1.1:
  version "2.3.0"
  dependencies:
    bare-events "^2.0.0"
    bare-path "^2.0.0"
    bare-stream "^1.0.0"

bare-os@^2.1.0:
  version "2.3.0"

bare-path@^2.0.0, bare-path@^2.1.0:
  version "2.1.2"
  dependencies:
    bare-os "^2.1.0"

bare-stream@^1.0.0:
  version "1.0.0"
  dependencies:
    streamx "^2.16.1"

base-64@^0.1.0:
  version "0.1.0"

base64-js@^1.3.1, base64-js@^1.5.1:
  version "1.5.1"

better-sqlite3@^11.0.0, better-sqlite3@>=7, "better-sqlite3@>=9.4.0 <12.0.0":
  version "11.0.0"
  dependencies:
    bindings "^1.5.0"
    prebuild-install "^7.1.1"

better-sqlite3@^9.4.0:
  version "9.6.0"
  resolved "https://registry.npmjs.org/better-sqlite3/-/better-sqlite3-9.6.0.tgz"
  integrity sha512-yR5HATnqeYNVnkaUTf4bOP2dJSnyhP4puJN/QPRyx4YkBEEUxib422n2XzPqDEHjQQqazoYoADdAm5vE15+dAQ==
  dependencies:
    bindings "^1.5.0"
    prebuild-install "^7.1.1"

binary-extensions@^2.0.0, binary-extensions@^2.2.0:
  version "2.3.0"

binary-search@^1.3.5:
  version "1.3.6"

bindings@^1.5.0:
  version "1.5.0"
  dependencies:
    file-uri-to-path "1.0.0"

bl@^4.0.3:
  version "4.1.0"
  dependencies:
    buffer "^5.5.0"
    inherits "^2.0.4"
    readable-stream "^3.4.0"

bluebird@~3.4.0:
  version "3.4.7"

body-parser@1.20.2:
  version "1.20.2"
  dependencies:
    bytes "3.1.2"
    content-type "~1.0.5"
    debug "2.6.9"
    depd "2.0.0"
    destroy "1.2.0"
    http-errors "2.0.0"
    iconv-lite "0.4.24"
    on-finished "2.4.1"
    qs "6.11.0"
    raw-body "2.5.2"
    type-is "~1.6.18"
    unpipe "1.0.0"

brace-expansion@^1.1.7:
  version "1.1.11"
  dependencies:
    balanced-match "^1.0.0"
    concat-map "0.0.1"

braces@~3.0.2:
  version "3.0.2"
  dependencies:
    fill-range "^7.0.1"

buffer-from@^1.0.0:
  version "1.1.2"

buffer@^5.5.0:
  version "5.7.1"
  dependencies:
    base64-js "^1.3.1"
    ieee754 "^1.1.13"

busboy@^1.0.0, busboy@1.6.0:
  version "1.6.0"
  dependencies:
    streamsearch "^1.1.0"

bytes@3.1.2:
  version "3.1.2"

call-bind@^1.0.7:
  version "1.0.7"
  dependencies:
    es-define-property "^1.0.0"
    es-errors "^1.3.0"
    function-bind "^1.1.2"
    get-intrinsic "^1.2.4"
    set-function-length "^1.2.1"

camelcase@6:
  version "6.3.0"

caniuse-lite@^1.0.30001579:
  version "1.0.30001695"
  resolved "https://registry.npmjs.org/caniuse-lite/-/caniuse-lite-1.0.30001695.tgz"
  integrity sha512-vHyLade6wTgI2u1ec3WQBxv+2BrTERV28UXQu9LO6lZ9pYeMk34vjXFLOxo1A4UBA8XTL4njRQZdno/yYaSmWw==

charenc@0.0.2:
  version "0.0.2"

chokidar@^3.5.2:
  version "3.6.0"
  dependencies:
    anymatch "~3.1.2"
    braces "~3.0.2"
    glob-parent "~5.1.2"
    is-binary-path "~2.1.0"
    is-glob "~4.0.1"
    normalize-path "~3.0.0"
    readdirp "~3.6.0"
  optionalDependencies:
    fsevents "~2.3.2"

chownr@^1.1.1:
  version "1.1.4"

client-only@0.0.1:
  version "0.0.1"
  resolved "https://registry.npmjs.org/client-only/-/client-only-0.0.1.tgz"
  integrity sha512-IV3Ou0jSMzZrd3pZ48nLkT9DA7Ag1pnPzaiQhpW7c3RbcqqzvzzVu+L8gfqMp/8IM2MQtSiqaCxrrcfu8I8rMA==

color-convert@^1.9.3:
  version "1.9.3"
  dependencies:
    color-name "1.1.3"

color-convert@^2.0.1:
  version "2.0.1"
  dependencies:
    color-name "~1.1.4"

color-name@^1.0.0, color-name@~1.1.4:
  version "1.1.4"

color-name@1.1.3:
  version "1.1.3"

color-string@^1.6.0, color-string@^1.9.0:
  version "1.9.1"
  dependencies:
    color-name "^1.0.0"
    simple-swizzle "^0.2.2"

color@^3.1.3:
  version "3.2.1"
  dependencies:
    color-convert "^1.9.3"
    color-string "^1.6.0"

color@^4.2.3:
  version "4.2.3"
  dependencies:
    color-convert "^2.0.1"
    color-string "^1.9.0"

colorspace@1.1.x:
  version "1.1.4"
  dependencies:
    color "^3.1.3"
    text-hex "1.0.x"

combined-stream@^1.0.8:
  version "1.0.8"
  dependencies:
    delayed-stream "~1.0.0"

commander@^10.0.1:
  version "10.0.1"

compute-cosine-similarity@^1.1.0:
  version "1.1.0"
  dependencies:
    compute-dot "^1.1.0"
    compute-l2norm "^1.1.0"
    validate.io-array "^1.0.5"
    validate.io-function "^1.0.2"

compute-dot@^1.1.0:
  version "1.1.0"
  dependencies:
    validate.io-array "^1.0.3"
    validate.io-function "^1.0.2"

compute-l2norm@^1.1.0:
  version "1.1.0"
  dependencies:
    validate.io-array "^1.0.3"
    validate.io-function "^1.0.2"

concat-map@0.0.1:
  version "0.0.1"

concat-stream@^1.5.2:
  version "1.6.2"
  dependencies:
    buffer-from "^1.0.0"
    inherits "^2.0.3"
    readable-stream "^2.2.2"
    typedarray "^0.0.6"

content-disposition@0.5.4:
  version "0.5.4"
  dependencies:
    safe-buffer "5.2.1"

content-type@~1.0.4, content-type@~1.0.5:
  version "1.0.5"

cookie-signature@1.0.6:
  version "1.0.6"

cookie@0.6.0:
  version "0.6.0"

core-util-is@~1.0.0:
  version "1.0.3"

cors@^2.8.5:
  version "2.8.5"
  dependencies:
    object-assign "^4"
    vary "^1"

create-require@^1.1.0:
  version "1.1.1"

crypt@0.0.2:
  version "0.0.2"

csstype@^3.0.2:
  version "3.1.3"
  resolved "https://registry.npmjs.org/csstype/-/csstype-3.1.3.tgz"
  integrity sha512-M1uQkMl8rQK/szD0LNhtqxIPLpimGm8sOBwU7lLnCpSbTyY3yeU1Vc7l4KT5zT4s/yOxHH5O7tIuuLOCnLADRw==

debug@^3.1.0:
  version "3.2.7"
  dependencies:
    ms "^2.1.1"

debug@^4:
  version "4.3.4"
  dependencies:
    ms "2.1.2"

debug@^4.3.4:
  version "4.3.5"
  dependencies:
    ms "2.1.2"

debug@2.6.9:
  version "2.6.9"
  dependencies:
    ms "2.0.0"

decamelize@1.2.0:
  version "1.2.0"

decompress-response@^6.0.0:
  version "6.0.0"
  dependencies:
    mimic-response "^3.1.0"

deep-extend@^0.6.0:
  version "0.6.0"

deepmerge@^4.3.1:
  version "4.3.1"

define-data-property@^1.1.4:
  version "1.1.4"
  dependencies:
    es-define-property "^1.0.0"
    es-errors "^1.3.0"
    gopd "^1.0.1"

delayed-stream@~1.0.0:
  version "1.0.0"

depd@2.0.0:
  version "2.0.0"

destroy@1.2.0:
  version "1.2.0"

detect-libc@^2.0.0, detect-libc@^2.0.2:
  version "2.0.3"

diff@^4.0.1:
  version "4.0.2"

digest-fetch@^1.3.0:
  version "1.3.0"
  dependencies:
    base-64 "^0.1.0"
    md5 "^2.3.0"

dingbat-to-unicode@^1.0.1:
  version "1.0.1"

dom-serializer@^2.0.0:
  version "2.0.0"
  dependencies:
    domelementtype "^2.3.0"
    domhandler "^5.0.2"
    entities "^4.2.0"

domelementtype@^2.3.0:
  version "2.3.0"

domhandler@^5.0.2, domhandler@^5.0.3:
  version "5.0.3"
  dependencies:
    domelementtype "^2.3.0"

domutils@^3.0.1:
  version "3.1.0"
  dependencies:
    dom-serializer "^2.0.0"
    domelementtype "^2.3.0"
    domhandler "^5.0.3"

dotenv@^16.4.5:
  version "16.4.5"

drizzle-kit@^0.22.7:
  version "0.22.7"
  dependencies:
    "@esbuild-kit/esm-loader" "^2.5.5"
    esbuild "^0.19.7"
    esbuild-register "^3.5.0"

drizzle-orm@^0.31.2:
  version "0.31.2"

duck@^0.1.12:
  version "0.1.12"
  dependencies:
    underscore "^1.13.1"

ee-first@1.1.1:
  version "1.1.1"

enabled@2.0.x:
  version "2.0.0"

encodeurl@~1.0.2:
  version "1.0.2"

encoding@^0.1.0:
  version "0.1.13"
  dependencies:
    iconv-lite "^0.6.2"

end-of-stream@^1.1.0, end-of-stream@^1.4.1:
  version "1.4.4"
  dependencies:
    once "^1.4.0"

entities@^4.2.0, entities@^4.4.0:
  version "4.5.0"

es-define-property@^1.0.0:
  version "1.0.0"
  dependencies:
    get-intrinsic "^1.2.4"

es-errors@^1.3.0:
  version "1.3.0"

esbuild-register@^3.5.0:
  version "3.5.0"
  dependencies:
    debug "^4.3.4"

esbuild@^0.19.7, "esbuild@>=0.12 <1":
  version "0.19.12"
  optionalDependencies:
    "@esbuild/aix-ppc64" "0.19.12"
    "@esbuild/android-arm" "0.19.12"
    "@esbuild/android-arm64" "0.19.12"
    "@esbuild/android-x64" "0.19.12"
    "@esbuild/darwin-arm64" "0.19.12"
    "@esbuild/darwin-x64" "0.19.12"
    "@esbuild/freebsd-arm64" "0.19.12"
    "@esbuild/freebsd-x64" "0.19.12"
    "@esbuild/linux-arm" "0.19.12"
    "@esbuild/linux-arm64" "0.19.12"
    "@esbuild/linux-ia32" "0.19.12"
    "@esbuild/linux-loong64" "0.19.12"
    "@esbuild/linux-mips64el" "0.19.12"
    "@esbuild/linux-ppc64" "0.19.12"
    "@esbuild/linux-riscv64" "0.19.12"
    "@esbuild/linux-s390x" "0.19.12"
    "@esbuild/linux-x64" "0.19.12"
    "@esbuild/netbsd-x64" "0.19.12"
    "@esbuild/openbsd-x64" "0.19.12"
    "@esbuild/sunos-x64" "0.19.12"
    "@esbuild/win32-arm64" "0.19.12"
    "@esbuild/win32-ia32" "0.19.12"
    "@esbuild/win32-x64" "0.19.12"

esbuild@~0.18.20:
  version "0.18.20"
  optionalDependencies:
    "@esbuild/android-arm" "0.18.20"
    "@esbuild/android-arm64" "0.18.20"
    "@esbuild/android-x64" "0.18.20"
    "@esbuild/darwin-arm64" "0.18.20"
    "@esbuild/darwin-x64" "0.18.20"
    "@esbuild/freebsd-arm64" "0.18.20"
    "@esbuild/freebsd-x64" "0.18.20"
    "@esbuild/linux-arm" "0.18.20"
    "@esbuild/linux-arm64" "0.18.20"
    "@esbuild/linux-ia32" "0.18.20"
    "@esbuild/linux-loong64" "0.18.20"
    "@esbuild/linux-mips64el" "0.18.20"
    "@esbuild/linux-ppc64" "0.18.20"
    "@esbuild/linux-riscv64" "0.18.20"
    "@esbuild/linux-s390x" "0.18.20"
    "@esbuild/linux-x64" "0.18.20"
    "@esbuild/netbsd-x64" "0.18.20"
    "@esbuild/openbsd-x64" "0.18.20"
    "@esbuild/sunos-x64" "0.18.20"
    "@esbuild/win32-arm64" "0.18.20"
    "@esbuild/win32-ia32" "0.18.20"
    "@esbuild/win32-x64" "0.18.20"

escape-html@~1.0.3:
  version "1.0.3"

etag@~1.8.1:
  version "1.8.1"

event-target-shim@^5.0.0:
  version "5.0.1"

eventemitter3@^4.0.4:
  version "4.0.7"

expand-template@^2.0.3:
  version "2.0.3"

expr-eval@^2.0.2:
  version "2.0.2"

express@^4.19.2:
  version "4.19.2"
  dependencies:
    accepts "~1.3.8"
    array-flatten "1.1.1"
    body-parser "1.20.2"
    content-disposition "0.5.4"
    content-type "~1.0.4"
    cookie "0.6.0"
    cookie-signature "1.0.6"
    debug "2.6.9"
    depd "2.0.0"
    encodeurl "~1.0.2"
    escape-html "~1.0.3"
    etag "~1.8.1"
    finalhandler "1.2.0"
    fresh "0.5.2"
    http-errors "2.0.0"
    merge-descriptors "1.0.1"
    methods "~1.1.2"
    on-finished "2.4.1"
    parseurl "~1.3.3"
    path-to-regexp "0.1.7"
    proxy-addr "~2.0.7"
    qs "6.11.0"
    range-parser "~1.2.1"
    safe-buffer "5.2.1"
    send "0.18.0"
    serve-static "1.15.0"
    setprototypeof "1.2.0"
    statuses "2.0.1"
    type-is "~1.6.18"
    utils-merge "1.0.1"
    vary "~1.1.2"

fast-fifo@^1.1.0, fast-fifo@^1.2.0:
  version "1.3.2"

fast-xml-parser@*, fast-xml-parser@^4.3.5:
  version "4.4.0"
  dependencies:
    strnum "^1.0.5"

fecha@^4.2.0:
  version "4.2.3"

file-uri-to-path@1.0.0:
  version "1.0.0"

fill-range@^7.0.1:
  version "7.0.1"
  dependencies:
    to-regex-range "^5.0.1"

finalhandler@1.2.0:
  version "1.2.0"
  dependencies:
    debug "2.6.9"
    encodeurl "~1.0.2"
    escape-html "~1.0.3"
    on-finished "2.4.1"
    parseurl "~1.3.3"
    statuses "2.0.1"
    unpipe "~1.0.0"

flat@^5.0.2:
  version "5.0.2"

flatbuffers@^1.12.0:
  version "1.12.0"

fn.name@1.x.x:
  version "1.1.0"

follow-redirects@^1.15.6:
  version "1.15.6"

form-data-encoder@1.7.2:
  version "1.7.2"

form-data@^4.0.0:
  version "4.0.0"
  dependencies:
    asynckit "^0.4.0"
    combined-stream "^1.0.8"
    mime-types "^2.1.12"

formdata-node@^4.3.2:
  version "4.4.1"
  dependencies:
    node-domexception "1.0.0"
    web-streams-polyfill "4.0.0-beta.3"

forwarded@0.2.0:
  version "0.2.0"

fresh@0.5.2:
  version "0.5.2"

fs-constants@^1.0.0:
  version "1.0.0"

fsevents@~2.3.2:
  version "2.3.3"

function-bind@^1.1.2:
  version "1.1.2"

get-intrinsic@^1.1.3, get-intrinsic@^1.2.4:
  version "1.2.4"
  dependencies:
    es-errors "^1.3.0"
    function-bind "^1.1.2"
    has-proto "^1.0.1"
    has-symbols "^1.0.3"
    hasown "^2.0.0"

get-tsconfig@^4.7.0:
  version "4.7.5"
  dependencies:
    resolve-pkg-maps "^1.0.0"

github-from-package@0.0.0:
  version "0.0.0"

glob-parent@~5.1.2:
  version "5.1.2"
  dependencies:
    is-glob "^4.0.1"

gopd@^1.0.1:
  version "1.0.1"
  dependencies:
    get-intrinsic "^1.1.3"

graceful-fs@^4.2.11:
  version "4.2.11"

guid-typescript@^1.0.9:
  version "1.0.9"

has-flag@^3.0.0:
  version "3.0.0"

has-property-descriptors@^1.0.2:
  version "1.0.2"
  dependencies:
    es-define-property "^1.0.0"

has-proto@^1.0.1:
  version "1.0.3"

has-symbols@^1.0.3:
  version "1.0.3"

hasown@^2.0.0:
  version "2.0.2"
  dependencies:
    function-bind "^1.1.2"

html-to-text@^9.0.5:
  version "9.0.5"
  dependencies:
    "@selderee/plugin-htmlparser2" "^0.11.0"
    deepmerge "^4.3.1"
    dom-serializer "^2.0.0"
    htmlparser2 "^8.0.2"
    selderee "^0.11.0"

htmlparser2@^8.0.2:
  version "8.0.2"
  dependencies:
    domelementtype "^2.3.0"
    domhandler "^5.0.3"
    domutils "^3.0.1"
    entities "^4.4.0"

http-errors@2.0.0:
  version "2.0.0"
  dependencies:
    depd "2.0.0"
    inherits "2.0.4"
    setprototypeof "1.2.0"
    statuses "2.0.1"
    toidentifier "1.0.1"

humanize-ms@^1.2.1:
  version "1.2.1"
  dependencies:
    ms "^2.0.0"

iconv-lite@^0.6.2:
  version "0.6.3"
  dependencies:
    safer-buffer ">= 2.1.2 < 3.0.0"

iconv-lite@0.4.24:
  version "0.4.24"
  dependencies:
    safer-buffer ">= 2.1.2 < 3"

ieee754@^1.1.13:
  version "1.2.1"

ignore-by-default@^1.0.1:
  version "1.0.1"

immediate@~3.0.5:
  version "3.0.6"

inherits@^2.0.3, inherits@^2.0.4, inherits@~2.0.3, inherits@2.0.4:
  version "2.0.4"

ini@~1.3.0:
  version "1.3.8"

ipaddr.js@1.9.1:
  version "1.9.1"

is-any-array@^2.0.0:
  version "2.0.1"

is-arrayish@^0.3.1:
  version "0.3.2"

is-binary-path@~2.1.0:
  version "2.1.0"
  dependencies:
    binary-extensions "^2.0.0"

is-buffer@~1.1.6:
  version "1.1.6"

is-extglob@^2.1.1:
  version "2.1.1"

is-glob@^4.0.1, is-glob@~4.0.1:
  version "4.0.3"
  dependencies:
    is-extglob "^2.1.1"

is-number@^7.0.0:
  version "7.0.0"

is-stream@^2.0.0:
  version "2.0.1"

isarray@~1.0.0:
  version "1.0.0"

js-tiktoken@^1.0.12:
  version "1.0.12"
  dependencies:
    base64-js "^1.5.1"

js-tiktoken@^1.0.7, js-tiktoken@^1.0.8:
  version "1.0.10"
  dependencies:
    base64-js "^1.5.1"

"js-tokens@^3.0.0 || ^4.0.0":
  version "4.0.0"
  resolved "https://registry.npmjs.org/js-tokens/-/js-tokens-4.0.0.tgz"
  integrity sha512-RdJUflcE3cUzKiMqQgsCu06FPu9UdIJO0beYbPhHN4k6apgJtifcoCtT9bcxOpYBtpD2kCM6Sbzg4CausW/PKQ==

js-yaml@^4.1.0:
  version "4.1.0"
  dependencies:
    argparse "^2.0.1"

jsonpointer@^5.0.1:
  version "5.0.1"

jszip@^3.7.1:
  version "3.10.1"
  dependencies:
    lie "~3.3.0"
    pako "~1.0.2"
    readable-stream "~2.3.6"
    setimmediate "^1.0.5"

kuler@^2.0.0:
  version "2.0.0"

langchain@*, langchain@^0.1.30:
  version "0.1.30"
  dependencies:
    "@anthropic-ai/sdk" "^0.9.1"
    "@langchain/community" "~0.0.41"
    "@langchain/core" "~0.1.44"
    "@langchain/openai" "~0.0.19"
    binary-extensions "^2.2.0"
    js-tiktoken "^1.0.7"
    js-yaml "^4.1.0"
    jsonpointer "^5.0.1"
    langchainhub "~0.0.8"
    langsmith "~0.1.7"
    ml-distance "^4.0.0"
    openapi-types "^12.1.3"
    p-retry "4"
    uuid "^9.0.0"
    yaml "^2.2.1"
    zod "^3.22.4"
    zod-to-json-schema "^3.22.3"

langchain@0.2.3:
  version "0.2.3"
  dependencies:
    "@langchain/core" "~0.2.0"
    "@langchain/openai" "~0.0.28"
    "@langchain/textsplitters" "~0.0.0"
    binary-extensions "^2.2.0"
    js-tiktoken "^1.0.12"
    js-yaml "^4.1.0"
    jsonpointer "^5.0.1"
    langchainhub "~0.0.8"
    langsmith "~0.1.7"
    ml-distance "^4.0.0"
    openapi-types "^12.1.3"
    p-retry "4"
    uuid "^9.0.0"
    yaml "^2.2.1"
    zod "^3.22.4"
    zod-to-json-schema "^3.22.3"

langchainhub@~0.0.8:
  version "0.0.8"

langsmith@^0.1.56-rc.1:
  version "0.1.68"
  dependencies:
    "@types/uuid" "^10.0.0"
    commander "^10.0.1"
    p-queue "^6.6.2"
    p-retry "4"
    semver "^7.6.3"
    uuid "^10.0.0"

langsmith@~0.1.1, langsmith@~0.1.7:
  version "0.1.14"
  dependencies:
    "@types/uuid" "^9.0.1"
    commander "^10.0.1"
    p-queue "^6.6.2"
    p-retry "4"
    uuid "^9.0.0"

langsmith@~0.1.30:
  version "0.1.34"
  dependencies:
    "@types/uuid" "^9.0.1"
    commander "^10.0.1"
    lodash.set "^4.3.2"
    p-queue "^6.6.2"
    p-retry "4"
    uuid "^9.0.0"

leac@^0.6.0:
  version "0.6.0"

lie@~3.3.0:
  version "3.3.0"
  dependencies:
    immediate "~3.0.5"

lodash.set@^4.3.2:
  version "4.3.2"

logform@^2.3.2, logform@^2.4.0:
  version "2.6.0"
  dependencies:
    "@colors/colors" "1.6.0"
    "@types/triple-beam" "^1.3.2"
    fecha "^4.2.0"
    ms "^2.1.1"
    safe-stable-stringify "^2.3.1"
    triple-beam "^1.3.0"

long@^4.0.0:
  version "4.0.0"

loose-envify@^1.1.0:
  version "1.4.0"
  resolved "https://registry.npmjs.org/loose-envify/-/loose-envify-1.4.0.tgz"
  integrity sha512-lyuxPGr/Wfhrlem2CL/UcnUc1zcqKAImBDzukY7Y5F/yQiNdko6+fRLevlw1HgMySw7f611UIY408EtxRSoK3Q==
  dependencies:
    js-tokens "^3.0.0 || ^4.0.0"

lop@^0.4.1:
  version "0.4.2"
  dependencies:
    duck "^0.1.12"
    option "~0.2.1"
    underscore "^1.13.1"

lru-cache@^6.0.0:
  version "6.0.0"
  dependencies:
    yallist "^4.0.0"

make-error@^1.1.1:
  version "1.3.6"

mammoth@^1.6.0, mammoth@^1.8.0:
  version "1.8.0"
  dependencies:
    "@xmldom/xmldom" "^0.8.6"
    argparse "~1.0.3"
    base64-js "^1.5.1"
    bluebird "~3.4.0"
    dingbat-to-unicode "^1.0.1"
    jszip "^3.7.1"
    lop "^0.4.1"
    path-is-absolute "^1.0.0"
    underscore "^1.13.1"
    xmlbuilder "^10.0.0"

md5@^2.3.0:
  version "2.3.0"
  dependencies:
    charenc "0.0.2"
    crypt "0.0.2"
    is-buffer "~1.1.6"

media-typer@0.3.0:
  version "0.3.0"

merge-descriptors@1.0.1:
  version "1.0.1"

methods@~1.1.2:
  version "1.1.2"

mime-db@1.52.0:
  version "1.52.0"

mime-types@^2.1.12, mime-types@~2.1.24, mime-types@~2.1.34:
  version "2.1.35"
  dependencies:
    mime-db "1.52.0"

mime@1.6.0:
  version "1.6.0"

mimic-response@^3.1.0:
  version "3.1.0"

minimatch@^3.1.2:
  version "3.1.2"
  dependencies:
    brace-expansion "^1.1.7"

minimist@^1.2.0, minimist@^1.2.3, minimist@^1.2.6:
  version "1.2.8"

mkdirp-classic@^0.5.2, mkdirp-classic@^0.5.3:
  version "0.5.3"

mkdirp@^0.5.4:
  version "0.5.6"
  dependencies:
    minimist "^1.2.6"

ml-array-mean@^1.1.6:
  version "1.1.6"
  dependencies:
    ml-array-sum "^1.1.6"

ml-array-sum@^1.1.6:
  version "1.1.6"
  dependencies:
    is-any-array "^2.0.0"

ml-distance-euclidean@^2.0.0:
  version "2.0.0"

ml-distance@^4.0.0:
  version "4.0.1"
  dependencies:
    ml-array-mean "^1.1.6"
    ml-distance-euclidean "^2.0.0"
    ml-tree-similarity "^1.0.0"

ml-tree-similarity@^1.0.0:
  version "1.0.0"
  dependencies:
    binary-search "^1.3.5"
    num-sort "^2.0.0"

ms@^2.0.0, ms@^2.1.1, ms@2.1.3:
  version "2.1.3"

ms@2.0.0:
  version "2.0.0"

ms@2.1.2:
  version "2.1.2"

multer@^1.4.5-lts.1:
  version "1.4.5-lts.1"
  dependencies:
    append-field "^1.0.0"
    busboy "^1.0.0"
    concat-stream "^1.5.2"
    mkdirp "^0.5.4"
    object-assign "^4.1.1"
    type-is "^1.6.4"
    xtend "^4.0.0"

mustache@^4.2.0:
  version "4.2.0"

nanoid@^3.3.6:
  version "3.3.8"
  resolved "https://registry.npmjs.org/nanoid/-/nanoid-3.3.8.tgz"
  integrity sha512-WNLf5Sd8oZxOm+TzppcYk8gVOgP+l58xNy58D0nbUnOxOWRWvlcCV4kUF7ltmI6PsrLl/BgKEyS4mqsGChFN0w==

napi-build-utils@^1.0.1:
  version "1.0.2"

negotiator@0.6.3:
  version "0.6.3"

next@^14.0.0:
  version "14.2.23"
  resolved "https://registry.npmjs.org/next/-/next-14.2.23.tgz"
  integrity sha512-mjN3fE6u/tynneLiEg56XnthzuYw+kD7mCujgVqioxyPqbmiotUCGJpIZGS/VaPg3ZDT1tvWxiVyRzeqJFm/kw==
  dependencies:
    "@next/env" "14.2.23"
    "@swc/helpers" "0.5.5"
    busboy "1.6.0"
    caniuse-lite "^1.0.30001579"
    graceful-fs "^4.2.11"
    postcss "8.4.31"
    styled-jsx "5.1.1"
  optionalDependencies:
    "@next/swc-darwin-arm64" "14.2.23"
    "@next/swc-darwin-x64" "14.2.23"
    "@next/swc-linux-arm64-gnu" "14.2.23"
    "@next/swc-linux-arm64-musl" "14.2.23"
    "@next/swc-linux-x64-gnu" "14.2.23"
    "@next/swc-linux-x64-musl" "14.2.23"
    "@next/swc-win32-arm64-msvc" "14.2.23"
    "@next/swc-win32-ia32-msvc" "14.2.23"
    "@next/swc-win32-x64-msvc" "14.2.23"

node-abi@^3.3.0:
  version "3.62.0"
  dependencies:
    semver "^7.3.5"

node-addon-api@^6.1.0:
  version "6.1.0"

node-domexception@1.0.0:
  version "1.0.0"

node-ensure@^0.0.0:
  version "0.0.0"

node-fetch@^2.6.7:
  version "2.7.0"
  dependencies:
    whatwg-url "^5.0.0"

nodemon@^3.1.0:
  version "3.1.0"
  dependencies:
    chokidar "^3.5.2"
    debug "^4"
    ignore-by-default "^1.0.1"
    minimatch "^3.1.2"
    pstree.remy "^1.1.8"
    semver "^7.5.3"
    simple-update-notifier "^2.0.0"
    supports-color "^5.5.0"
    touch "^3.1.0"
    undefsafe "^2.0.5"

nopt@~1.0.10:
  version "1.0.10"
  dependencies:
    abbrev "1"

normalize-path@^3.0.0, normalize-path@~3.0.0:
  version "3.0.0"

num-sort@^2.0.0:
  version "2.1.0"

object-assign@^4, object-assign@^4.1.1:
  version "4.1.1"

object-inspect@^1.13.1:
  version "1.13.1"

on-finished@2.4.1:
  version "2.4.1"
  dependencies:
    ee-first "1.1.1"

once@^1.3.1, once@^1.4.0:
  version "1.4.0"
  dependencies:
    wrappy "1"

one-time@^1.0.0:
  version "1.0.0"
  dependencies:
    fn.name "1.x.x"

onnx-proto@^4.0.4:
  version "4.0.4"
  dependencies:
    protobufjs "^6.8.8"

onnxruntime-common@~1.14.0:
  version "1.14.0"

onnxruntime-node@1.14.0:
  version "1.14.0"
  dependencies:
    onnxruntime-common "~1.14.0"

onnxruntime-web@1.14.0:
  version "1.14.0"
  dependencies:
    flatbuffers "^1.12.0"
    guid-typescript "^1.0.9"
    long "^4.0.0"
    onnx-proto "^4.0.4"
    onnxruntime-common "~1.14.0"
    platform "^1.3.6"

openai@*, openai@^4.41.1, openai@^4.49.1:
  version "4.52.2"
  dependencies:
    "@types/node" "^18.11.18"
    "@types/node-fetch" "^2.6.4"
    abort-controller "^3.0.0"
    agentkeepalive "^4.2.1"
    form-data-encoder "1.7.2"
    formdata-node "^4.3.2"
    node-fetch "^2.6.7"
    web-streams-polyfill "^3.2.1"

openai@^4.26.0:
  version "4.31.0"
  dependencies:
    "@types/node" "^18.11.18"
    "@types/node-fetch" "^2.6.4"
    abort-controller "^3.0.0"
    agentkeepalive "^4.2.1"
    digest-fetch "^1.3.0"
    form-data-encoder "1.7.2"
    formdata-node "^4.3.2"
    node-fetch "^2.6.7"
    web-streams-polyfill "^3.2.1"

openapi-types@^12.1.3:
  version "12.1.3"

option@~0.2.1:
  version "0.2.4"

p-finally@^1.0.0:
  version "1.0.0"

p-queue@^6.6.2:
  version "6.6.2"
  dependencies:
    eventemitter3 "^4.0.4"
    p-timeout "^3.2.0"

p-retry@4:
  version "4.6.2"
  dependencies:
    "@types/retry" "0.12.0"
    retry "^0.13.1"

p-timeout@^3.2.0:
  version "3.2.0"
  dependencies:
    p-finally "^1.0.0"

pako@~1.0.2:
  version "1.0.11"

parseley@^0.12.0:
  version "0.12.1"
  dependencies:
    leac "^0.6.0"
    peberminta "^0.9.0"

parseurl@~1.3.3:
  version "1.3.3"

path-is-absolute@^1.0.0:
  version "1.0.1"

path-to-regexp@0.1.7:
  version "0.1.7"

pdf-parse@^1.1.1, pdf-parse@1.1.1:
  version "1.1.1"
  dependencies:
    debug "^3.1.0"
    node-ensure "^0.0.0"

peberminta@^0.9.0:
  version "0.9.0"

picocolors@^1.0.0:
  version "1.1.1"
  resolved "https://registry.npmjs.org/picocolors/-/picocolors-1.1.1.tgz"
  integrity sha512-xceH2snhtb5M9liqDsmEw56le376mTZkEX/jEb/RxNFyegNul7eNslCXP9FDj/Lcu0X8KEyMceP2ntpaHrDEVA==

picomatch@^2.0.4, picomatch@^2.2.1:
  version "2.3.1"

platform@^1.3.6:
  version "1.3.6"

postcss@8.4.31:
  version "8.4.31"
  resolved "https://registry.npmjs.org/postcss/-/postcss-8.4.31.tgz"
  integrity sha512-PS08Iboia9mts/2ygV3eLpY5ghnUcfLV/EXTOW1E2qYxJKGGBUtNjN76FYHnMs36RmARn41bC0AZmn+rR0OVpQ==
  dependencies:
    nanoid "^3.3.6"
    picocolors "^1.0.0"
    source-map-js "^1.0.2"

prebuild-install@^7.1.1:
  version "7.1.2"
  dependencies:
    detect-libc "^2.0.0"
    expand-template "^2.0.3"
    github-from-package "0.0.0"
    minimist "^1.2.3"
    mkdirp-classic "^0.5.3"
    napi-build-utils "^1.0.1"
    node-abi "^3.3.0"
    pump "^3.0.0"
    rc "^1.2.7"
    simple-get "^4.0.0"
    tar-fs "^2.0.0"
    tunnel-agent "^0.6.0"

prettier@^3.2.5:
  version "3.2.5"

process-nextick-args@~2.0.0:
  version "2.0.1"

protobufjs@^6.8.8:
  version "6.11.4"
  dependencies:
    "@protobufjs/aspromise" "^1.1.2"
    "@protobufjs/base64" "^1.1.2"
    "@protobufjs/codegen" "^2.0.4"
    "@protobufjs/eventemitter" "^1.1.0"
    "@protobufjs/fetch" "^1.1.0"
    "@protobufjs/float" "^1.0.2"
    "@protobufjs/inquire" "^1.1.0"
    "@protobufjs/path" "^1.1.2"
    "@protobufjs/pool" "^1.1.0"
    "@protobufjs/utf8" "^1.1.0"
    "@types/long" "^4.0.1"
    "@types/node" ">=13.7.0"
    long "^4.0.0"

proxy-addr@~2.0.7:
  version "2.0.7"
  dependencies:
    forwarded "0.2.0"
    ipaddr.js "1.9.1"

proxy-from-env@^1.1.0:
  version "1.1.0"

pstree.remy@^1.1.8:
  version "1.1.8"

pump@^3.0.0:
  version "3.0.0"
  dependencies:
    end-of-stream "^1.1.0"
    once "^1.3.1"

qs@6.11.0:
  version "6.11.0"
  dependencies:
    side-channel "^1.0.4"

queue-tick@^1.0.1:
  version "1.0.1"

range-parser@~1.2.1:
  version "1.2.1"

raw-body@2.5.2:
  version "2.5.2"
  dependencies:
    bytes "3.1.2"
    http-errors "2.0.0"
    iconv-lite "0.4.24"
    unpipe "1.0.0"

rc@^1.2.7:
  version "1.2.8"
  dependencies:
    deep-extend "^0.6.0"
    ini "~1.3.0"
    minimist "^1.2.0"
    strip-json-comments "~2.0.1"

react-dom@^18.2.0:
  version "18.3.1"
  resolved "https://registry.npmjs.org/react-dom/-/react-dom-18.3.1.tgz"
  integrity sha512-5m4nQKp+rZRb09LNH59GM4BxTh9251/ylbKIbpe7TpGxfJ+9kv6BLkLBXIjjspbgbnIBNqlI23tRnTWT0snUIw==
  dependencies:
    loose-envify "^1.1.0"
    scheduler "^0.23.2"

react@^18.2.0, react@^18.3.1, "react@>= 16.8.0 || 17.x.x || ^18.0.0-0", react@>=18:
  version "18.3.1"
  resolved "https://registry.npmjs.org/react/-/react-18.3.1.tgz"
  integrity sha512-wS+hAgJShR0KhEvPJArfuPVN1+Hz1t0Y6n5jLrGQbkb4urgPE/0Rve+1kMB1v/oWgHgm4WIcV+i7F2pTVj+2iQ==
  dependencies:
    loose-envify "^1.1.0"

readable-stream@^2.2.2:
  version "2.3.8"
  dependencies:
    core-util-is "~1.0.0"
    inherits "~2.0.3"
    isarray "~1.0.0"
    process-nextick-args "~2.0.0"
    safe-buffer "~5.1.1"
    string_decoder "~1.1.1"
    util-deprecate "~1.0.1"

readable-stream@^3.1.1, readable-stream@^3.4.0, readable-stream@^3.6.0:
  version "3.6.2"
  dependencies:
    inherits "^2.0.3"
    string_decoder "^1.1.1"
    util-deprecate "^1.0.1"

readable-stream@~2.3.6:
  version "2.3.8"
  dependencies:
    core-util-is "~1.0.0"
    inherits "~2.0.3"
    isarray "~1.0.0"
    process-nextick-args "~2.0.0"
    safe-buffer "~5.1.1"
    string_decoder "~1.1.1"
    util-deprecate "~1.0.1"

readdirp@~3.6.0:
  version "3.6.0"
  dependencies:
    picomatch "^2.2.1"

resolve-pkg-maps@^1.0.0:
  version "1.0.0"

retry@^0.13.1:
  version "0.13.1"

safe-buffer@^5.0.1, safe-buffer@~5.2.0, safe-buffer@5.2.1:
  version "5.2.1"

safe-buffer@~5.1.0, safe-buffer@~5.1.1:
  version "5.1.2"

safe-stable-stringify@^2.3.1:
  version "2.4.3"

"safer-buffer@>= 2.1.2 < 3", "safer-buffer@>= 2.1.2 < 3.0.0":
  version "2.1.2"

scheduler@^0.23.2:
  version "0.23.2"
  resolved "https://registry.npmjs.org/scheduler/-/scheduler-0.23.2.tgz"
  integrity sha512-UOShsPwz7NrMUqhR6t0hWjFduvOzbtv7toDH1/hIrfRNIDBnnBWd0CwJTGvTpngVlmwGCdP9/Zl/tVrDqcuYzQ==
  dependencies:
    loose-envify "^1.1.0"

selderee@^0.11.0:
  version "0.11.0"
  dependencies:
    parseley "^0.12.0"

semver@^7.3.5, semver@^7.5.3, semver@^7.5.4:
  version "7.6.0"
  dependencies:
    lru-cache "^6.0.0"

semver@^7.6.3:
  version "7.6.3"

send@0.18.0:
  version "0.18.0"
  dependencies:
    debug "2.6.9"
    depd "2.0.0"
    destroy "1.2.0"
    encodeurl "~1.0.2"
    escape-html "~1.0.3"
    etag "~1.8.1"
    fresh "0.5.2"
    http-errors "2.0.0"
    mime "1.6.0"
    ms "2.1.3"
    on-finished "2.4.1"
    range-parser "~1.2.1"
    statuses "2.0.1"

serve-static@1.15.0:
  version "1.15.0"
  dependencies:
    encodeurl "~1.0.2"
    escape-html "~1.0.3"
    parseurl "~1.3.3"
    send "0.18.0"

set-function-length@^1.2.1:
  version "1.2.2"
  dependencies:
    define-data-property "^1.1.4"
    es-errors "^1.3.0"
    function-bind "^1.1.2"
    get-intrinsic "^1.2.4"
    gopd "^1.0.1"
    has-property-descriptors "^1.0.2"

setimmediate@^1.0.5:
  version "1.0.5"

setprototypeof@1.2.0:
  version "1.2.0"

sharp@^0.32.0:
  version "0.32.6"
  dependencies:
    color "^4.2.3"
    detect-libc "^2.0.2"
    node-addon-api "^6.1.0"
    prebuild-install "^7.1.1"
    semver "^7.5.4"
    simple-get "^4.0.1"
    tar-fs "^3.0.4"
    tunnel-agent "^0.6.0"

side-channel@^1.0.4:
  version "1.0.6"
  dependencies:
    call-bind "^1.0.7"
    es-errors "^1.3.0"
    get-intrinsic "^1.2.4"
    object-inspect "^1.13.1"

simple-concat@^1.0.0:
  version "1.0.1"

simple-get@^4.0.0, simple-get@^4.0.1:
  version "4.0.1"
  dependencies:
    decompress-response "^6.0.0"
    once "^1.3.1"
    simple-concat "^1.0.0"

simple-swizzle@^0.2.2:
  version "0.2.2"
  dependencies:
    is-arrayish "^0.3.1"

simple-update-notifier@^2.0.0:
  version "2.0.0"
  dependencies:
    semver "^7.5.3"

source-map-js@^1.0.2:
  version "1.2.1"
  resolved "https://registry.npmjs.org/source-map-js/-/source-map-js-1.2.1.tgz"
  integrity sha512-UXWMKhLOwVKb728IUtQPXxfYU+usdybtUrK/8uGE8CQMvrhOpwvzDBwj0QhSL7MQc7vIsISBG8VQ8+IDQxpfQA==

source-map-support@^0.5.21:
  version "0.5.21"
  dependencies:
    buffer-from "^1.0.0"
    source-map "^0.6.0"

source-map@^0.6.0, source-map@^0.6.1:
  version "0.6.1"

source-map@^0.7.3:
  version "0.7.4"
  resolved "https://registry.npmjs.org/source-map/-/source-map-0.7.4.tgz"
  integrity sha512-l3BikUxvPOcn5E74dZiq5BGsTb5yEwhaTSzccU6t4sDOH8NWJCstKO5QT2CvtFoK6F0saL7p9xHAqHOlCPJygA==

sprintf-js@~1.0.2:
  version "1.0.3"

stack-trace@0.0.x:
  version "0.0.10"

statuses@2.0.1:
  version "2.0.1"

streamsearch@^1.1.0:
  version "1.1.0"

streamx@^2.15.0, streamx@^2.16.1:
  version "2.16.1"
  dependencies:
    fast-fifo "^1.1.0"
    queue-tick "^1.0.1"
  optionalDependencies:
    bare-events "^2.2.0"

string_decoder@^1.1.1:
  version "1.3.0"
  dependencies:
    safe-buffer "~5.2.0"

string_decoder@~1.1.1:
  version "1.1.1"
  dependencies:
    safe-buffer "~5.1.0"

strip-json-comments@~2.0.1:
  version "2.0.1"

strnum@^1.0.5:
  version "1.0.5"

styled-jsx@5.1.1:
  version "5.1.1"
  resolved "https://registry.npmjs.org/styled-jsx/-/styled-jsx-5.1.1.tgz"
  integrity sha512-pW7uC1l4mBZ8ugbiZrcIsiIvVx1UmTfw7UkC3Um2tmfUq9Bhk8IiyEIPl6F8agHgjzku6j0xQEZbfA5uSgSaCw==
  dependencies:
    client-only "0.0.1"

supports-color@^5.5.0:
  version "5.5.0"
  dependencies:
    has-flag "^3.0.0"

tar-fs@^2.0.0:
  version "2.1.1"
  dependencies:
    chownr "^1.1.1"
    mkdirp-classic "^0.5.2"
    pump "^3.0.0"
    tar-stream "^2.1.4"

tar-fs@^3.0.4:
  version "3.0.6"
  dependencies:
    pump "^3.0.0"
    tar-stream "^3.1.5"
  optionalDependencies:
    bare-fs "^2.1.1"
    bare-path "^2.1.0"

tar-stream@^2.1.4:
  version "2.2.0"
  dependencies:
    bl "^4.0.3"
    end-of-stream "^1.4.1"
    fs-constants "^1.0.0"
    inherits "^2.0.3"
    readable-stream "^3.1.1"

tar-stream@^3.1.5:
  version "3.1.7"
  dependencies:
    b4a "^1.6.4"
    fast-fifo "^1.2.0"
    streamx "^2.15.0"

text-hex@1.0.x:
  version "1.0.0"

to-regex-range@^5.0.1:
  version "5.0.1"
  dependencies:
    is-number "^7.0.0"

toidentifier@1.0.1:
  version "1.0.1"

touch@^3.1.0:
  version "3.1.0"
  dependencies:
    nopt "~1.0.10"

tr46@~0.0.3:
  version "0.0.3"

triple-beam@^1.3.0:
  version "1.4.1"

ts-node@^10.9.2:
  version "10.9.2"
  dependencies:
    "@cspotcode/source-map-support" "^0.8.0"
    "@tsconfig/node10" "^1.0.7"
    "@tsconfig/node12" "^1.0.7"
    "@tsconfig/node14" "^1.0.0"
    "@tsconfig/node16" "^1.0.2"
    acorn "^8.4.1"
    acorn-walk "^8.1.1"
    arg "^4.1.0"
    create-require "^1.1.0"
    diff "^4.0.1"
    make-error "^1.1.1"
    v8-compile-cache-lib "^3.0.1"
    yn "3.1.1"

tslib@^2.4.0:
  version "2.8.1"
  resolved "https://registry.npmjs.org/tslib/-/tslib-2.8.1.tgz"
  integrity sha512-oJFu94HQb+KVduSUQL7wnpmqnfmLsOA/nAh6b6EH0wCEoK0/mPeXU6c3wKDV83MkOuHPRHtSXKKU99IBazS/2w==

tunnel-agent@^0.6.0:
  version "0.6.0"
  dependencies:
    safe-buffer "^5.0.1"

type-is@^1.6.4, type-is@~1.6.18:
  version "1.6.18"
  dependencies:
    media-typer "0.3.0"
    mime-types "~2.1.24"

typedarray@^0.0.6:
  version "0.0.6"

typescript@^5.7.3, typescript@>=2.7:
  version "5.7.3"
  resolved "https://registry.npmjs.org/typescript/-/typescript-5.7.3.tgz"
  integrity sha512-84MVSjMEHP+FQRPy3pX9sTVV/INIex71s9TL2Gm5FG/WG1SqXeKyZ0k7/blY/4FdOzI12CBy1vGc4og/eus0fw==

undefsafe@^2.0.5:
  version "2.0.5"

underscore@^1.13.1:
  version "1.13.7"

undici-types@~5.26.4:
  version "5.26.5"

undici-types@~6.20.0:
  version "6.20.0"

unpipe@~1.0.0, unpipe@1.0.0:
  version "1.0.0"

util-deprecate@^1.0.1, util-deprecate@~1.0.1:
  version "1.0.2"

utils-merge@1.0.1:
  version "1.0.1"

uuid@^10.0.0:
  version "10.0.0"

uuid@^9.0.0:
  version "9.0.1"

v8-compile-cache-lib@^3.0.1:
  version "3.0.1"

validate.io-array@^1.0.3, validate.io-array@^1.0.5:
  version "1.0.6"

validate.io-function@^1.0.2:
  version "1.0.2"

vary@^1, vary@~1.1.2:
  version "1.1.2"

web-streams-polyfill@^3.2.1:
  version "3.3.3"

web-streams-polyfill@4.0.0-beta.3:
  version "4.0.0-beta.3"

webidl-conversions@^3.0.0:
  version "3.0.1"

whatwg-url@^5.0.0:
  version "5.0.0"
  dependencies:
    tr46 "~0.0.3"
    webidl-conversions "^3.0.0"

winston-transport@^4.7.0:
  version "4.7.0"
  dependencies:
    logform "^2.3.2"
    readable-stream "^3.6.0"
    triple-beam "^1.3.0"

winston@^3.13.0:
  version "3.13.0"
  dependencies:
    "@colors/colors" "^1.6.0"
    "@dabh/diagnostics" "^2.0.2"
    async "^3.2.3"
    is-stream "^2.0.0"
    logform "^2.4.0"
    one-time "^1.0.0"
    readable-stream "^3.4.0"
    safe-stable-stringify "^2.3.1"
    stack-trace "0.0.x"
    triple-beam "^1.3.0"
    winston-transport "^4.7.0"

wrappy@1:
  version "1.0.2"

ws@^8.14.2, ws@^8.17.1:
  version "8.17.1"

ws@^8.18.0:
  version "8.18.0"

xmlbuilder@^10.0.0:
  version "10.1.1"

xtend@^4.0.0:
  version "4.0.2"

yallist@^4.0.0:
  version "4.0.0"

yaml@^2.2.1:
  version "2.4.1"

yn@3.1.1:
  version "3.1.1"

zod-to-json-schema@^3.22.3:
  version "3.22.5"

zod-to-json-schema@^3.22.4:
  version "3.23.1"

zod-to-json-schema@^3.22.5:
  version "3.23.1"

zod@^3.22.3, zod@^3.22.4, zod@^3.23.3:
  version "3.24.1"
  resolved "https://registry.npmjs.org/zod/-/zod-3.24.1.tgz"
  integrity sha512-muH7gBL9sI1nciMZV67X5fTKKBLtwpZ5VBp1vsOQzj1MhrBZ4wlVCm3gedKZWLp0Oyel8sIGfeiz54Su+OVT+A==
